// !$*UTF8*$!
{
	archiveVersion = 1;
	classes = {
	};
	objectVersion = 50;
	objects = {

/* Begin PBXBuildFile section */
		2827F8432385DA8A0065D8F4 /* SelectedVC.swift in Sources */ = {isa = PBXBuildFile; fileRef = 2827F8422385DA8A0065D8F4 /* SelectedVC.swift */; };
		288A68C82384AE60003CF9F1 /* AppDelegate.swift in Sources */ = {isa = PBXBuildFile; fileRef = 288A68C72384AE60003CF9F1 /* AppDelegate.swift */; };
		288A68CA2384AE60003CF9F1 /* SceneDelegate.swift in Sources */ = {isa = PBXBuildFile; fileRef = 288A68C92384AE60003CF9F1 /* SceneDelegate.swift */; };
		288A68CF2384AE60003CF9F1 /* Main.storyboard in Resources */ = {isa = PBXBuildFile; fileRef = 288A68CD2384AE60003CF9F1 /* Main.storyboard */; };
		288A68D22384AE61003CF9F1 /* RemindMe.xcdatamodeld in Sources */ = {isa = PBXBuildFile; fileRef = 288A68D02384AE61003CF9F1 /* RemindMe.xcdatamodeld */; };
		288A68D42384AE63003CF9F1 /* Assets.xcassets in Resources */ = {isa = PBXBuildFile; fileRef = 288A68D32384AE63003CF9F1 /* Assets.xcassets */; };
		288A68D72384AE63003CF9F1 /* LaunchScreen.storyboard in Resources */ = {isa = PBXBuildFile; fileRef = 288A68D52384AE63003CF9F1 /* LaunchScreen.storyboard */; };
		288A68DF2384AF3E003CF9F1 /* ToDoTVC.swift in Sources */ = {isa = PBXBuildFile; fileRef = 288A68DE2384AF3E003CF9F1 /* ToDoTVC.swift */; };
		288A68E12384AF67003CF9F1 /* DisplayVC.swift in Sources */ = {isa = PBXBuildFile; fileRef = 288A68E02384AF67003CF9F1 /* DisplayVC.swift */; };
		28C9CA2A2384C5F800BD309B /* ToDoClass.swift in Sources */ = {isa = PBXBuildFile; fileRef = 28C9CA292384C5F800BD309B /* ToDoClass.swift */; };
		28C9CA2C2384CFA800BD309B /* AddToDoVC.swift in Sources */ = {isa = PBXBuildFile; fileRef = 28C9CA2B2384CFA800BD309B /* AddToDoVC.swift */; };
/* End PBXBuildFile section */

/* Begin PBXFileReference section */
		2827F8422385DA8A0065D8F4 /* SelectedVC.swift */ = {isa = PBXFileReference; lastKnownFileType = sourcecode.swift; path = SelectedVC.swift; sourceTree = "<group>"; };
		288A68C42384AE60003CF9F1 /* RemindMe.app */ = {isa = PBXFileReference; explicitFileType = wrapper.application; includeInIndex = 0; path = RemindMe.app; sourceTree = BUILT_PRODUCTS_DIR; };
		288A68C72384AE60003CF9F1 /* AppDelegate.swift */ = {isa = PBXFileReference; lastKnownFileType = sourcecode.swift; path = AppDelegate.swift; sourceTree = "<group>"; };
		288A68C92384AE60003CF9F1 /* SceneDelegate.swift */ = {isa = PBXFileReference; lastKnownFileType = sourcecode.swift; path = SceneDelegate.swift; sourceTree = "<group>"; };
		288A68CE2384AE60003CF9F1 /* Base */ = {isa = PBXFileReference; lastKnownFileType = file.storyboard; name = Base; path = Base.lproj/Main.storyboard; sourceTree = "<group>"; };
		288A68D12384AE61003CF9F1 /* RemindMe.xcdatamodel */ = {isa = PBXFileReference; lastKnownFileType = wrapper.xcdatamodel; path = RemindMe.xcdatamodel; sourceTree = "<group>"; };
		288A68D32384AE63003CF9F1 /* Assets.xcassets */ = {isa = PBXFileReference; lastKnownFileType = folder.assetcatalog; path = Assets.xcassets; sourceTree = "<group>"; };
		288A68D62384AE63003CF9F1 /* Base */ = {isa = PBXFileReference; lastKnownFileType = file.storyboard; name = Base; path = Base.lproj/LaunchScreen.storyboard; sourceTree = "<group>"; };
		288A68D82384AE63003CF9F1 /* Info.plist */ = {isa = PBXFileReference; lastKnownFileType = text.plist.xml; path = Info.plist; sourceTree = "<group>"; };
		288A68DE2384AF3E003CF9F1 /* ToDoTVC.swift */ = {isa = PBXFileReference; lastKnownFileType = sourcecode.swift; path = ToDoTVC.swift; sourceTree = "<group>"; };
		288A68E02384AF67003CF9F1 /* DisplayVC.swift */ = {isa = PBXFileReference; lastKnownFileType = sourcecode.swift; path = DisplayVC.swift; sourceTree = "<group>"; };
		28C9CA292384C5F800BD309B /* ToDoClass.swift */ = {isa = PBXFileReference; lastKnownFileType = sourcecode.swift; path = ToDoClass.swift; sourceTree = "<group>"; };
		28C9CA2B2384CFA800BD309B /* AddToDoVC.swift */ = {isa = PBXFileReference; lastKnownFileType = sourcecode.swift; path = AddToDoVC.swift; sourceTree = "<group>"; };
/* End PBXFileReference section */

/* Begin PBXFrameworksBuildPhase section */
		288A68C12384AE60003CF9F1 /* Frameworks */ = {
			isa = PBXFrameworksBuildPhase;
			buildActionMask = 2147483647;
			files = (
			);
			runOnlyForDeploymentPostprocessing = 0;
		};
/* End PBXFrameworksBuildPhase section */

/* Begin PBXGroup section */
		288A68BB2384AE60003CF9F1 = {
			isa = PBXGroup;
			children = (
				288A68C62384AE60003CF9F1 /* RemindMe */,
				288A68C52384AE60003CF9F1 /* Products */,
			);
			sourceTree = "<group>";
		};
		288A68C52384AE60003CF9F1 /* Products */ = {
			isa = PBXGroup;
			children = (
				288A68C42384AE60003CF9F1 /* RemindMe.app */,
			);
			name = Products;
			sourceTree = "<group>";
		};
		288A68C62384AE60003CF9F1 /* RemindMe */ = {
			isa = PBXGroup;
			children = (
				288A68C72384AE60003CF9F1 /* AppDelegate.swift */,
				288A68C92384AE60003CF9F1 /* SceneDelegate.swift */,
				288A68DE2384AF3E003CF9F1 /* ToDoTVC.swift */,
				288A68E02384AF67003CF9F1 /* DisplayVC.swift */,
				28C9CA292384C5F800BD309B /* ToDoClass.swift */,
				288A68CD2384AE60003CF9F1 /* Main.storyboard */,
				2827F8422385DA8A0065D8F4 /* SelectedVC.swift */,
				28C9CA2B2384CFA800BD309B /* AddToDoVC.swift */,
				288A68D32384AE63003CF9F1 /* Assets.xcassets */,
				288A68D52384AE63003CF9F1 /* LaunchScreen.storyboard */,
				288A68D82384AE63003CF9F1 /* Info.plist */,
				288A68D02384AE61003CF9F1 /* RemindMe.xcdatamodeld */,
			);
			path = RemindMe;
			sourceTree = "<group>";
		};
/* End PBXGroup section */

/* Begin PBXNativeTarget section */
		288A68C32384AE60003CF9F1 /* RemindMe */ = {
			isa = PBXNativeTarget;
			buildConfigurationList = 288A68DB2384AE63003CF9F1 /* Build configuration list for PBXNativeTarget "RemindMe" */;
			buildPhases = (
				288A68C02384AE60003CF9F1 /* Sources */,
				288A68C12384AE60003CF9F1 /* Frameworks */,
				288A68C22384AE60003CF9F1 /* Resources */,
			);
			buildRules = (
			);
			dependencies = (
			);
			name = RemindMe;
			productName = RemindMe;
			productReference = 288A68C42384AE60003CF9F1 /* RemindMe.app */;
			productType = "com.apple.product-type.application";
		};
/* End PBXNativeTarget section */

/* Begin PBXProject section */
		288A68BC2384AE60003CF9F1 /* Project object */ = {
			isa = PBXProject;
			attributes = {
				LastSwiftUpdateCheck = 1120;
				LastUpgradeCheck = 1120;
				ORGANIZATIONNAME = DreamDev;
				TargetAttributes = {
					288A68C32384AE60003CF9F1 = {
						CreatedOnToolsVersion = 11.2.1;
					};
				};
			};
			buildConfigurationList = 288A68BF2384AE60003CF9F1 /* Build configuration list for PBXProject "RemindMe" */;
			compatibilityVersion = "Xcode 9.3";
			developmentRegion = en;
			hasScannedForEncodings = 0;
			knownRegions = (
				en,
				Base,
			);
			mainGroup = 288A68BB2384AE60003CF9F1;
			productRefGroup = 288A68C52384AE60003CF9F1 /* Products */;
			projectDirPath = "";
			projectRoot = "";
			targets = (
				288A68C32384AE60003CF9F1 /* RemindMe */,
			);
		};
/* End PBXProject section */

/* Begin PBXResourcesBuildPhase section */
		288A68C22384AE60003CF9F1 /* Resources */ = {
			isa = PBXResourcesBuildPhase;
			buildActionMask = 2147483647;
			files = (
				288A68D72384AE63003CF9F1 /* LaunchScreen.storyboard in Resources */,
				288A68D42384AE63003CF9F1 /* Assets.xcassets in Resources */,
				288A68CF2384AE60003CF9F1 /* Main.storyboard in Resources */,
			);
			runOnlyForDeploymentPostprocessing = 0;
		};
/* End PBXResourcesBuildPhase section */

/* Begin PBXSourcesBuildPhase section */
		288A68C02384AE60003CF9F1 /* Sources */ = {
			isa = PBXSourcesBuildPhase;
			buildActionMask = 2147483647;
			files = (
				28C9CA2C2384CFA800BD309B /* AddToDoVC.swift in Sources */,
				28C9CA2A2384C5F800BD309B /* ToDoClass.swift in Sources */,
				288A68C82384AE60003CF9F1 /* AppDelegate.swift in Sources */,
				288A68E12384AF67003CF9F1 /* DisplayVC.swift in Sources */,
				288A68D22384AE61003CF9F1 /* RemindMe.xcdatamodeld in Sources */,
				2827F8432385DA8A0065D8F4 /* SelectedVC.swift in Sources */,
				288A68CA2384AE60003CF9F1 /* SceneDelegate.swift in Sources */,
				288A68DF2384AF3E003CF9F1 /* ToDoTVC.swift in Sources */,
			);
			runOnlyForDeploymentPostprocessing = 0;
		};
/* End PBXSourcesBuildPhase section */

/* Begin PBXVariantGroup section */
		288A68CD2384AE60003CF9F1 /* Main.storyboard */ = {
			isa = PBXVariantGroup;
			children = (
				288A68CE2384AE60003CF9F1 /* Base */,
			);
			name = Main.storyboard;
			sourceTree = "<group>";
		};
		288A68D52384AE63003CF9F1 /* LaunchScreen.storyboard */ = {
			isa = PBXVariantGroup;
			children = (
				288A68D62384AE63003CF9F1 /* Base */,
			);
			name = LaunchScreen.storyboard;
			sourceTree = "<group>";
		};
/* End PBXVariantGroup section */

/* Begin XCBuildConfiguration section */
		288A68D92384AE63003CF9F1 /* Debug */ = {
			isa = XCBuildConfiguration;
			buildSettings = {
				ALWAYS_SEARCH_USER_PATHS = NO;
				CLANG_ANALYZER_NONNULL = YES;
				CLANG_ANALYZER_NUMBER_OBJECT_CONVERSION = YES_AGGRESSIVE;
				CLANG_CXX_LANGUAGE_STANDARD = "gnu++14";
				CLANG_CXX_LIBRARY = "libc++";
				CLANG_ENABLE_MODULES = YES;
				CLANG_ENABLE_OBJC_ARC = YES;
				CLANG_ENABLE_OBJC_WEAK = YES;
				CLANG_WARN_BLOCK_CAPTURE_AUTORELEASING = YES;
				CLANG_WARN_BOOL_CONVERSION = YES;
				CLANG_WARN_COMMA = YES;
				CLANG_WARN_CONSTANT_CONVERSION = YES;
				CLANG_WARN_DEPRECATED_OBJC_IMPLEMENTATIONS = YES;
				CLANG_WARN_DIRECT_OBJC_ISA_USAGE = YES_ERROR;
				CLANG_WARN_DOCUMENTATION_COMMENTS = YES;
				CLANG_WARN_EMPTY_BODY = YES;
				CLANG_WARN_ENUM_CONVERSION = YES;
				CLANG_WARN_INFINITE_RECURSION = YES;
				CLANG_WARN_INT_CONVERSION = YES;
				CLANG_WARN_NON_LITERAL_NULL_CONVERSION = YES;
				CLANG_WARN_OBJC_IMPLICIT_RETAIN_SELF = YES;
				CLANG_WARN_OBJC_LITERAL_CONVERSION = YES;
				CLANG_WARN_OBJC_ROOT_CLASS = YES_ERROR;
				CLANG_WARN_RANGE_LOOP_ANALYSIS = YES;
				CLANG_WARN_STRICT_PROTOTYPES = YES;
				CLANG_WARN_SUSPICIOUS_MOVE = YES;
				CLANG_WARN_UNGUARDED_AVAILABILITY = YES_AGGRESSIVE;
				CLANG_WARN_UNREACHABLE_CODE = YES;
				CLANG_WARN__DUPLICATE_METHOD_MATCH = YES;
				COPY_PHASE_STRIP = NO;
				DEBUG_INFORMATION_FORMAT = dwarf;
				ENABLE_STRICT_OBJC_MSGSEND = YES;
				ENABLE_TESTABILITY = YES;
				GCC_C_LANGUAGE_STANDARD = gnu11;
				GCC_DYNAMIC_NO_PIC = NO;
				GCC_NO_COMMON_BLOCKS = YES;
				GCC_OPTIMIZATION_LEVEL = 0;
				GCC_PREPROCESSOR_DEFINITIONS = (
					"DEBUG=1",
					"$(inherited)",
				);
				GCC_WARN_64_TO_32_BIT_CONVERSION = YES;
				GCC_WARN_ABOUT_RETURN_TYPE = YES_ERROR;
				GCC_WARN_UNDECLARED_SELECTOR = YES;
				GCC_WARN_UNINITIALIZED_AUTOS = YES_AGGRESSIVE;
				GCC_WARN_UNUSED_FUNCTION = YES;
				GCC_WARN_UNUSED_VARIABLE = YES;
				IPHONEOS_DEPLOYMENT_TARGET = 13.2;
				MTL_ENABLE_DEBUG_INFO = INCLUDE_SOURCE;
				MTL_FAST_MATH = YES;
				ONLY_ACTIVE_ARCH = YES;
				SDKROOT = iphoneos;
				SWIFT_ACTIVE_COMPILATION_CONDITIONS = DEBUG;
				SWIFT_OPTIMIZATION_LEVEL = "-Onone";
			};
			name = Debug;
		};
		288A68DA2384AE63003CF9F1 /* Release */ = {
			isa = XCBuildConfiguration;
			buildSettings = {
				ALWAYS_SEARCH_USER_PATHS = NO;
				CLANG_ANALYZER_NONNULL = YES;
				CLANG_ANALYZER_NUMBER_OBJECT_CONVERSION = YES_AGGRESSIVE;
				CLANG_CXX_LANGUAGE_STANDARD = "gnu++14";
				CLANG_CXX_LIBRARY = "libc++";
				CLANG_ENABLE_MODULES = YES;
				CLANG_ENABLE_OBJC_ARC = YES;
				CLANG_ENABLE_OBJC_WEAK = YES;
				CLANG_WARN_BLOCK_CAPTURE_AUTORELEASING = YES;
				CLANG_WARN_BOOL_CONVERSION = YES;
				CLANG_WARN_COMMA = YES;
				CLANG_WARN_CONSTANT_CONVERSION = YES;
				CLANG_WARN_DEPRECATED_OBJC_IMPLEMENTATIONS = YES;
				CLANG_WARN_DIRECT_OBJC_ISA_USAGE = YES_ERROR;
				CLANG_WARN_DOCUMENTATION_COMMENTS = YES;
				CLANG_WARN_EMPTY_BODY = YES;
				CLANG_WARN_ENUM_CONVERSION = YES;
				CLANG_WARN_INFINITE_RECURSION = YES;
				CLANG_WARN_INT_CONVERSION = YES;
				CLANG_WARN_NON_LITERAL_NULL_CONVERSION = YES;
				CLANG_WARN_OBJC_IMPLICIT_RETAIN_SELF = YES;
				CLANG_WARN_OBJC_LITERAL_CONVERSION = YES;
				CLANG_WARN_OBJC_ROOT_CLASS = YES_ERROR;
				CLANG_WARN_RANGE_LOOP_ANALYSIS = YES;
				CLANG_WARN_STRICT_PROTOTYPES = YES;
				CLANG_WARN_SUSPICIOUS_MOVE = YES;
				CLANG_WARN_UNGUARDED_AVAILABILITY = YES_AGGRESSIVE;
				CLANG_WARN_UNREACHABLE_CODE = YES;
				CLANG_WARN__DUPLICATE_METHOD_MATCH = YES;
				COPY_PHASE_STRIP = NO;
				DEBUG_INFORMATION_FORMAT = "dwarf-with-dsym";
				ENABLE_NS_ASSERTIONS = NO;
				ENABLE_STRICT_OBJC_MSGSEND = YES;
				GCC_C_LANGUAGE_STANDARD = gnu11;
				GCC_NO_COMMON_BLOCKS = YES;
				GCC_WARN_64_TO_32_BIT_CONVERSION = YES;
				GCC_WARN_ABOUT_RETURN_TYPE = YES_ERROR;
				GCC_WARN_UNDECLARED_SELECTOR = YES;
				GCC_WARN_UNINITIALIZED_AUTOS = YES_AGGRESSIVE;
				GCC_WARN_UNUSED_FUNCTION = YES;
				GCC_WARN_UNUSED_VARIABLE = YES;
				IPHONEOS_DEPLOYMENT_TARGET = 13.2;
				MTL_ENABLE_DEBUG_INFO = NO;
				MTL_FAST_MATH = YES;
				SDKROOT = iphoneos;
				SWIFT_COMPILATION_MODE = wholemodule;
				SWIFT_OPTIMIZATION_LEVEL = "-O";
				VALIDATE_PRODUCT = YES;
			};
			name = Release;
		};
		288A68DC2384AE63003CF9F1 /* Debug */ = {
			isa = XCBuildConfiguration;
			buildSettings = {
				ASSETCATALOG_COMPILER_APPICON_NAME = AppIcon;
				CODE_SIGN_STYLE = Automatic;
				DEVELOPMENT_TEAM = Q9QJZL48ZZ;
				INFOPLIST_FILE = RemindMe/Info.plist;
				LD_RUNPATH_SEARCH_PATHS = (
					"$(inherited)",
					"@executable_path/Frameworks",
				);
				PRODUCT_BUNDLE_IDENTIFIER = DreamDev.RemindMe;
				PRODUCT_NAME = "$(TARGET_NAME)";
				SWIFT_VERSION = 5.0;
				TARGETED_DEVICE_FAMILY = "1,2";
			};
			name = Debug;
		};
		288A68DD2384AE63003CF9F1 /* Release */ = {
			isa = XCBuildConfiguration;
			buildSettings = {
				ASSETCATALOG_COMPILER_APPICON_NAME = AppIcon;
				CODE_SIGN_STYLE = Automatic;
				DEVELOPMENT_TEAM = Q9QJZL48ZZ;
				INFOPLIST_FILE = RemindMe/Info.plist;
				LD_RUNPATH_SEARCH_PATHS = (
					"$(inherited)",
					"@executable_path/Frameworks",
				);
				PRODUCT_BUNDLE_IDENTIFIER = DreamDev.RemindMe;
				PRODUCT_NAME = "$(TARGET_NAME)";
				SWIFT_VERSION = 5.0;
				TARGETED_DEVICE_FAMILY = "1,2";
			};
			name = Release;
		};
/* End XCBuildConfiguration section */

/* Begin XCConfigurationList section */
		288A68BF2384AE60003CF9F1 /* Build configuration list for PBXProject "RemindMe" */ = {
			isa = XCConfigurationList;
			buildConfigurations = (
				288A68D92384AE63003CF9F1 /* Debug */,
				288A68DA2384AE63003CF9F1 /* Release */,
			);
			defaultConfigurationIsVisible = 0;
			defaultConfigurationName = Release;
		};
		288A68DB2384AE63003CF9F1 /* Build configuration list for PBXNativeTarget "RemindMe" */ = {
			isa = XCConfigurationList;
			buildConfigurations = (
				288A68DC2384AE63003CF9F1 /* Debug */,
				288A68DD2384AE63003CF9F1 /* Release */,
			);
			defaultConfigurationIsVisible = 0;
			defaultConfigurationName = Release;
		};
/* End XCConfigurationList section */

/* Begin XCVersionGroup section */
		288A68D02384AE61003CF9F1 /* RemindMe.xcdatamodeld */ = {
			isa = XCVersionGroup;
			children = (
				288A68D12384AE61003CF9F1 /* RemindMe.xcdatamodel */,
			);
			currentVersion = 288A68D12384AE61003CF9F1 /* RemindMe.xcdatamodel */;
			path = RemindMe.xcdatamodeld;
			sourceTree = "<group>";
			versionGroupType = wrapper.xcdatamodel;
		};
/* End XCVersionGroup section */
	};
	rootObject = 288A68BC2384AE60003CF9F1 /* Project object */;
}
